
Microsoft Visual Studio Solution File, Format Version 12.00
# Visual Studio Version 17
VisualStudioVersion = 17.5.33530.505
MinimumVisualStudioVersion = 10.0.40219.1
Project("{FAE04EC0-301F-11D3-BF4B-00C04F79EFBC}") = "SqliteTableDump", "SqliteTableDump\SqliteTableDump.csproj", "{CECCD790-7EE3-4CA2-9136-B7FF538DB12F}"
EndProject
Global
	GlobalSection(SolutionConfigurationPlatforms) = preSolution
		Debug|Any CPU = Debug|Any CPU
		Release|Any CPU = Release|Any CPU
	EndGlobalSection
	GlobalSection(ProjectConfigurationPlatforms) = postSolution
		{CECCD790-7EE3-4CA2-9136-B7FF538DB12F}.Debug|Any CPU.ActiveCfg = Debug|Any CPU
		{CECCD790-7EE3-4CA2-9136-B7FF538DB12F}.Debug|Any CPU.Build.0 = Debug|Any CPU
		{CECCD790-7EE3-4CA2-9136-B7FF538DB12F}.Release|Any CPU.ActiveCfg = Release|Any CPU
		{CECCD790-7EE3-4CA2-9136-B7FF538DB12F}.Release|Any CPU.Build.0 = Release|Any CPU
	EndGlobalSection
	GlobalSection(SolutionProperties) = preSolution
		HideSolutionNode = FALSE
	EndGlobalSection
	GlobalSection(ExtensibilityGlobals) = postSolution
		SolutionGuid = {28D480CA-6A75-434C-B32F-66EFBE6D7BC0}
	EndGlobalSection
EndGlobal
